
Microsoft Visual Studio Solution File, Format Version 12.00
# Visual Studio 15
VisualStudioVersion = 15.0.28307.572
MinimumVisualStudioVersion = 10.0.40219.1
Project("{9A19103F-16F7-4668-BE54-9A1E7A4F7556}") = "PaymentGatewayApi", "PaymentGatewayApi\PaymentGatewayApi.csproj", "{E7133031-9ECD-4038-9A20-C6525B3E1D6A}"
EndProject
Project("{2150E333-8FDC-42A3-9474-1A3956D46DE8}") = "Tests", "Tests", "{C306449F-4485-4381-879C-56684F1E94EC}"
EndProject
Project("{9A19103F-16F7-4668-BE54-9A1E7A4F7556}") = "PaymentGatewayApi.ComponentTests", "PaymentGatewayApi.ComponentTests\PaymentGatewayApi.ComponentTests.csproj", "{32528A50-2B8C-4F8C-9C59-2BD31F2CD2D7}"
EndProject
Project("{9A19103F-16F7-4668-BE54-9A1E7A4F7556}") = "PaymentGatewayApi.UnitTests", "PaymentGatewayApi.UnitTests\PaymentGatewayApi.UnitTests.csproj", "{003F8731-1BCB-4786-BB29-693D51EA017E}"
EndProject
Project("{FAE04EC0-301F-11D3-BF4B-00C04F79EFBC}") = "BankApiStub", "BankApiStub\BankApiStub.csproj", "{62313784-EC0B-43CC-8B56-FE61FF48C8D0}"
EndProject
Global
	GlobalSection(SolutionConfigurationPlatforms) = preSolution
		Debug|Any CPU = Debug|Any CPU
		Release|Any CPU = Release|Any CPU
	EndGlobalSection
	GlobalSection(ProjectConfigurationPlatforms) = postSolution
		{E7133031-9ECD-4038-9A20-C6525B3E1D6A}.Debug|Any CPU.ActiveCfg = Debug|Any CPU
		{E7133031-9ECD-4038-9A20-C6525B3E1D6A}.Debug|Any CPU.Build.0 = Debug|Any CPU
		{E7133031-9ECD-4038-9A20-C6525B3E1D6A}.Release|Any CPU.ActiveCfg = Release|Any CPU
		{E7133031-9ECD-4038-9A20-C6525B3E1D6A}.Release|Any CPU.Build.0 = Release|Any CPU
		{32528A50-2B8C-4F8C-9C59-2BD31F2CD2D7}.Debug|Any CPU.ActiveCfg = Debug|Any CPU
		{32528A50-2B8C-4F8C-9C59-2BD31F2CD2D7}.Debug|Any CPU.Build.0 = Debug|Any CPU
		{32528A50-2B8C-4F8C-9C59-2BD31F2CD2D7}.Release|Any CPU.ActiveCfg = Release|Any CPU
		{32528A50-2B8C-4F8C-9C59-2BD31F2CD2D7}.Release|Any CPU.Build.0 = Release|Any CPU
		{003F8731-1BCB-4786-BB29-693D51EA017E}.Debug|Any CPU.ActiveCfg = Debug|Any CPU
		{003F8731-1BCB-4786-BB29-693D51EA017E}.Debug|Any CPU.Build.0 = Debug|Any CPU
		{003F8731-1BCB-4786-BB29-693D51EA017E}.Release|Any CPU.ActiveCfg = Release|Any CPU
		{003F8731-1BCB-4786-BB29-693D51EA017E}.Release|Any CPU.Build.0 = Release|Any CPU
		{62313784-EC0B-43CC-8B56-FE61FF48C8D0}.Debug|Any CPU.ActiveCfg = Debug|Any CPU
		{62313784-EC0B-43CC-8B56-FE61FF48C8D0}.Debug|Any CPU.Build.0 = Debug|Any CPU
		{62313784-EC0B-43CC-8B56-FE61FF48C8D0}.Release|Any CPU.ActiveCfg = Release|Any CPU
		{62313784-EC0B-43CC-8B56-FE61FF48C8D0}.Release|Any CPU.Build.0 = Release|Any CPU
	EndGlobalSection
	GlobalSection(SolutionProperties) = preSolution
		HideSolutionNode = FALSE
	EndGlobalSection
	GlobalSection(NestedProjects) = preSolution
		{32528A50-2B8C-4F8C-9C59-2BD31F2CD2D7} = {C306449F-4485-4381-879C-56684F1E94EC}
		{003F8731-1BCB-4786-BB29-693D51EA017E} = {C306449F-4485-4381-879C-56684F1E94EC}
	EndGlobalSection
	GlobalSection(ExtensibilityGlobals) = postSolution
		SolutionGuid = {D22F7845-9EF1-439C-B7AF-EF2C6C617E8A}
	EndGlobalSection
EndGlobal
